<?xml version="1.0" encoding="utf-8"?>
<Project ToolsVersion="4.0" xmlns="http://schemas.microsoft.com/developer/msbuild/2003">
  <ItemGroup>
    <Filter Include="..">
      <UniqueIdentifier>{739DB09A-CC57-A953-A6CF-F64FA08E4FA7}</UniqueIdentifier>
    </Filter>
    <Filter Include="..\inspector_protocol">
      <UniqueIdentifier>{F592D7F4-FE5F-7480-DA1F-B4FE76E2288B}</UniqueIdentifier>
    </Filter>
    <Filter Include="..\inspector_protocol\_excluded_files">
      <UniqueIdentifier>{158E591E-B6EA-0C85-8F5A-18EAFA09B4CE}</UniqueIdentifier>
    </Filter>
    <Filter Include="..">
      <UniqueIdentifier>{739DB09A-CC57-A953-A6CF-F64FA08E4FA7}</UniqueIdentifier>
    </Filter>
    <Filter Include="..\inspector_protocol">
      <UniqueIdentifier>{F592D7F4-FE5F-7480-DA1F-B4FE76E2288B}</UniqueIdentifier>
    </Filter>
    <Filter Include="..\inspector_protocol\_excluded_files">
      <UniqueIdentifier>{158E591E-B6EA-0C85-8F5A-18EAFA09B4CE}</UniqueIdentifier>
    </Filter>
    <Filter Include="..">
      <UniqueIdentifier>{739DB09A-CC57-A953-A6CF-F64FA08E4FA7}</UniqueIdentifier>
    </Filter>
    <Filter Include="..\inspector_protocol">
      <UniqueIdentifier>{F592D7F4-FE5F-7480-DA1F-B4FE76E2288B}</UniqueIdentifier>
    </Filter>
    <Filter Include="..\inspector_protocol\_excluded_files">
      <UniqueIdentifier>{158E591E-B6EA-0C85-8F5A-18EAFA09B4CE}</UniqueIdentifier>
    </Filter>
    <Filter Include="..">
      <UniqueIdentifier>{739DB09A-CC57-A953-A6CF-F64FA08E4FA7}</UniqueIdentifier>
    </Filter>
    <Filter Include="..\inspector_protocol">
      <UniqueIdentifier>{F592D7F4-FE5F-7480-DA1F-B4FE76E2288B}</UniqueIdentifier>
    </Filter>
    <Filter Include="..\inspector_protocol\_excluded_files">
      <UniqueIdentifier>{158E591E-B6EA-0C85-8F5A-18EAFA09B4CE}</UniqueIdentifier>
    </Filter>
    <Filter Include="..">
      <UniqueIdentifier>{739DB09A-CC57-A953-A6CF-F64FA08E4FA7}</UniqueIdentifier>
    </Filter>
    <Filter Include="..\inspector_protocol">
      <UniqueIdentifier>{F592D7F4-FE5F-7480-DA1F-B4FE76E2288B}</UniqueIdentifier>
    </Filter>
    <Filter Include="..\inspector_protocol\_excluded_files">
      <UniqueIdentifier>{158E591E-B6EA-0C85-8F5A-18EAFA09B4CE}</UniqueIdentifier>
    </Filter>
    <Filter Include="..">
      <UniqueIdentifier>{739DB09A-CC57-A953-A6CF-F64FA08E4FA7}</UniqueIdentifier>
    </Filter>
    <Filter Include="..\inspector_protocol">
      <UniqueIdentifier>{F592D7F4-FE5F-7480-DA1F-B4FE76E2288B}</UniqueIdentifier>
    </Filter>
    <Filter Include="..\inspector_protocol\_excluded_files">
      <UniqueIdentifier>{158E591E-B6EA-0C85-8F5A-18EAFA09B4CE}</UniqueIdentifier>
    </Filter>
    <Filter Include="..">
      <UniqueIdentifier>{739DB09A-CC57-A953-A6CF-F64FA08E4FA7}</UniqueIdentifier>
    </Filter>
    <Filter Include="..\inspector_protocol">
      <UniqueIdentifier>{F592D7F4-FE5F-7480-DA1F-B4FE76E2288B}</UniqueIdentifier>
    </Filter>
    <Filter Include="..\inspector_protocol\_excluded_files">
      <UniqueIdentifier>{158E591E-B6EA-0C85-8F5A-18EAFA09B4CE}</UniqueIdentifier>
    </Filter>
    <Filter Include="..">
      <UniqueIdentifier>{739DB09A-CC57-A953-A6CF-F64FA08E4FA7}</UniqueIdentifier>
    </Filter>
    <Filter Include="..\inspector_protocol">
      <UniqueIdentifier>{F592D7F4-FE5F-7480-DA1F-B4FE76E2288B}</UniqueIdentifier>
    </Filter>
    <Filter Include="..\inspector_protocol\_excluded_files">
      <UniqueIdentifier>{158E591E-B6EA-0C85-8F5A-18EAFA09B4CE}</UniqueIdentifier>
    </Filter>
    <Filter Include="..">
      <UniqueIdentifier>{739DB09A-CC57-A953-A6CF-F64FA08E4FA7}</UniqueIdentifier>
    </Filter>
    <Filter Include="..\inspector_protocol">
      <UniqueIdentifier>{F592D7F4-FE5F-7480-DA1F-B4FE76E2288B}</UniqueIdentifier>
    </Filter>
    <Filter Include="..\inspector_protocol\_excluded_files">
      <UniqueIdentifier>{158E591E-B6EA-0C85-8F5A-18EAFA09B4CE}</UniqueIdentifier>
    </Filter>
    <Filter Include="..">
      <UniqueIdentifier>{739DB09A-CC57-A953-A6CF-F64FA08E4FA7}</UniqueIdentifier>
    </Filter>
    <Filter Include="..\inspector_protocol">
      <UniqueIdentifier>{F592D7F4-FE5F-7480-DA1F-B4FE76E2288B}</UniqueIdentifier>
    </Filter>
    <Filter Include="..\inspector_protocol\_excluded_files">
      <UniqueIdentifier>{158E591E-B6EA-0C85-8F5A-18EAFA09B4CE}</UniqueIdentifier>
    </Filter>
    <Filter Include="..">
      <UniqueIdentifier>{739DB09A-CC57-A953-A6CF-F64FA08E4FA7}</UniqueIdentifier>
    </Filter>
    <Filter Include="..\inspector_protocol">
      <UniqueIdentifier>{F592D7F4-FE5F-7480-DA1F-B4FE76E2288B}</UniqueIdentifier>
    </Filter>
    <Filter Include="..\inspector_protocol\_excluded_files">
      <UniqueIdentifier>{158E591E-B6EA-0C85-8F5A-18EAFA09B4CE}</UniqueIdentifier>
    </Filter>
    <Filter Include="..">
      <UniqueIdentifier>{739DB09A-CC57-A953-A6CF-F64FA08E4FA7}</UniqueIdentifier>
    </Filter>
    <Filter Include="..\inspector_protocol">
      <UniqueIdentifier>{F592D7F4-FE5F-7480-DA1F-B4FE76E2288B}</UniqueIdentifier>
    </Filter>
    <Filter Include="..\inspector_protocol\_excluded_files">
      <UniqueIdentifier>{158E591E-B6EA-0C85-8F5A-18EAFA09B4CE}</UniqueIdentifier>
    </Filter>
    <Filter Include="..">
      <UniqueIdentifier>{739DB09A-CC57-A953-A6CF-F64FA08E4FA7}</UniqueIdentifier>
    </Filter>
    <Filter Include="..\inspector_protocol">
      <UniqueIdentifier>{F592D7F4-FE5F-7480-DA1F-B4FE76E2288B}</UniqueIdentifier>
    </Filter>
    <Filter Include="..\inspector_protocol\_excluded_files">
      <UniqueIdentifier>{158E591E-B6EA-0C85-8F5A-18EAFA09B4CE}</UniqueIdentifier>
    </Filter>
    <Filter Include="..">
      <UniqueIdentifier>{739DB09A-CC57-A953-A6CF-F64FA08E4FA7}</UniqueIdentifier>
    </Filter>
    <Filter Include="..\inspector_protocol">
      <UniqueIdentifier>{F592D7F4-FE5F-7480-DA1F-B4FE76E2288B}</UniqueIdentifier>
    </Filter>
    <Filter Include="..\inspector_protocol\_excluded_files">
      <UniqueIdentifier>{158E591E-B6EA-0C85-8F5A-18EAFA09B4CE}</UniqueIdentifier>
    </Filter>
    <Filter Include="..">
      <UniqueIdentifier>{739DB09A-CC57-A953-A6CF-F64FA08E4FA7}</UniqueIdentifier>
    </Filter>
    <Filter Include="..\inspector_protocol">
      <UniqueIdentifier>{F592D7F4-FE5F-7480-DA1F-B4FE76E2288B}</UniqueIdentifier>
    </Filter>
    <Filter Include="..\inspector_protocol\_excluded_files">
      <UniqueIdentifier>{158E591E-B6EA-0C85-8F5A-18EAFA09B4CE}</UniqueIdentifier>
    </Filter>
    <Filter Include="..">
      <UniqueIdentifier>{739DB09A-CC57-A953-A6CF-F64FA08E4FA7}</UniqueIdentifier>
    </Filter>
    <Filter Include="..\inspector_protocol">
      <UniqueIdentifier>{F592D7F4-FE5F-7480-DA1F-B4FE76E2288B}</UniqueIdentifier>
    </Filter>
    <Filter Include="..\inspector_protocol\_excluded_files">
      <UniqueIdentifier>{158E591E-B6EA-0C85-8F5A-18EAFA09B4CE}</UniqueIdentifier>
    </Filter>
    <Filter Include="..">
      <UniqueIdentifier>{739DB09A-CC57-A953-A6CF-F64FA08E4FA7}</UniqueIdentifier>
    </Filter>
    <Filter Include="..\inspector_protocol">
      <UniqueIdentifier>{F592D7F4-FE5F-7480-DA1F-B4FE76E2288B}</UniqueIdentifier>
    </Filter>
    <Filter Include="..\inspector_protocol\_excluded_files">
      <UniqueIdentifier>{158E591E-B6EA-0C85-8F5A-18EAFA09B4CE}</UniqueIdentifier>
    </Filter>
    <Filter Include="..">
      <UniqueIdentifier>{739DB09A-CC57-A953-A6CF-F64FA08E4FA7}</UniqueIdentifier>
    </Filter>
    <Filter Include="..\inspector_protocol">
      <UniqueIdentifier>{F592D7F4-FE5F-7480-DA1F-B4FE76E2288B}</UniqueIdentifier>
    </Filter>
    <Filter Include="..\inspector_protocol\_excluded_files">
      <UniqueIdentifier>{158E591E-B6EA-0C85-8F5A-18EAFA09B4CE}</UniqueIdentifier>
    </Filter>
    <Filter Include="..">
      <UniqueIdentifier>{739DB09A-CC57-A953-A6CF-F64FA08E4FA7}</UniqueIdentifier>
    </Filter>
    <Filter Include="..\inspector_protocol">
      <UniqueIdentifier>{F592D7F4-FE5F-7480-DA1F-B4FE76E2288B}</UniqueIdentifier>
    </Filter>
    <Filter Include="..\inspector_protocol\_excluded_files">
      <UniqueIdentifier>{158E591E-B6EA-0C85-8F5A-18EAFA09B4CE}</UniqueIdentifier>
    </Filter>
    <Filter Include="..">
      <UniqueIdentifier>{739DB09A-CC57-A953-A6CF-F64FA08E4FA7}</UniqueIdentifier>
    </Filter>
    <Filter Include="..\inspector_protocol">
      <UniqueIdentifier>{F592D7F4-FE5F-7480-DA1F-B4FE76E2288B}</UniqueIdentifier>
    </Filter>
    <Filter Include="..\inspector_protocol\_excluded_files">
      <UniqueIdentifier>{158E591E-B6EA-0C85-8F5A-18EAFA09B4CE}</UniqueIdentifier>
    </Filter>
    <Filter Include="..">
      <UniqueIdentifier>{739DB09A-CC57-A953-A6CF-F64FA08E4FA7}</UniqueIdentifier>
    </Filter>
    <Filter Include="..\inspector_protocol">
      <UniqueIdentifier>{F592D7F4-FE5F-7480-DA1F-B4FE76E2288B}</UniqueIdentifier>
    </Filter>
    <Filter Include="..\inspector_protocol\_excluded_files">
      <UniqueIdentifier>{158E591E-B6EA-0C85-8F5A-18EAFA09B4CE}</UniqueIdentifier>
    </Filter>
    <Filter Include="..">
      <UniqueIdentifier>{739DB09A-CC57-A953-A6CF-F64FA08E4FA7}</UniqueIdentifier>
    </Filter>
    <Filter Include="..\inspector_protocol">
      <UniqueIdentifier>{F592D7F4-FE5F-7480-DA1F-B4FE76E2288B}</UniqueIdentifier>
    </Filter>
    <Filter Include="..\inspector_protocol\_excluded_files">
      <UniqueIdentifier>{158E591E-B6EA-0C85-8F5A-18EAFA09B4CE}</UniqueIdentifier>
    </Filter>
    <Filter Include="..">
      <UniqueIdentifier>{739DB09A-CC57-A953-A6CF-F64FA08E4FA7}</UniqueIdentifier>
    </Filter>
    <Filter Include="..\inspector_protocol">
      <UniqueIdentifier>{F592D7F4-FE5F-7480-DA1F-B4FE76E2288B}</UniqueIdentifier>
    </Filter>
    <Filter Include="..\inspector_protocol\_excluded_files">
      <UniqueIdentifier>{158E591E-B6EA-0C85-8F5A-18EAFA09B4CE}</UniqueIdentifier>
    </Filter>
    <Filter Include="..">
      <UniqueIdentifier>{739DB09A-CC57-A953-A6CF-F64FA08E4FA7}</UniqueIdentifier>
    </Filter>
    <Filter Include="..\inspector_protocol">
      <UniqueIdentifier>{F592D7F4-FE5F-7480-DA1F-B4FE76E2288B}</UniqueIdentifier>
    </Filter>
    <Filter Include="..\inspector_protocol\_excluded_files">
      <UniqueIdentifier>{158E591E-B6EA-0C85-8F5A-18EAFA09B4CE}</UniqueIdentifier>
    </Filter>
    <Filter Include="..">
      <UniqueIdentifier>{739DB09A-CC57-A953-A6CF-F64FA08E4FA7}</UniqueIdentifier>
    </Filter>
    <Filter Include="..\inspector_protocol">
      <UniqueIdentifier>{F592D7F4-FE5F-7480-DA1F-B4FE76E2288B}</UniqueIdentifier>
    </Filter>
    <Filter Include="..\inspector_protocol\_excluded_files">
      <UniqueIdentifier>{158E591E-B6EA-0C85-8F5A-18EAFA09B4CE}</UniqueIdentifier>
    </Filter>
    <Filter Include="..">
      <UniqueIdentifier>{739DB09A-CC57-A953-A6CF-F64FA08E4FA7}</UniqueIdentifier>
    </Filter>
    <Filter Include="..\inspector_protocol">
      <UniqueIdentifier>{F592D7F4-FE5F-7480-DA1F-B4FE76E2288B}</UniqueIdentifier>
    </Filter>
    <Filter Include="..\inspector_protocol\_excluded_files">
      <UniqueIdentifier>{158E591E-B6EA-0C85-8F5A-18EAFA09B4CE}</UniqueIdentifier>
    </Filter>
    <Filter Include="_excluded_files">
      <UniqueIdentifier>{158E591E-B6EA-0C85-8F5A-18EAFA09B4CE}</UniqueIdentifier>
    </Filter>
  </ItemGroup>
  <ItemGroup>
    <None Include="v8_inspector.gyp"/>
    <None Include="..\inspector_protocol\Allocator_h.template">
      <Filter>..\inspector_protocol\_excluded_files</Filter>
    </None>
    <None Include="..\inspector_protocol\Array_h.template">
      <Filter>..\inspector_protocol\_excluded_files</Filter>
    </None>
    <None Include="..\inspector_protocol\BackendCallback_h.template">
      <Filter>..\inspector_protocol\_excluded_files</Filter>
    </None>
    <None Include="..\inspector_protocol\CodeGenerator.py">
      <Filter>..\inspector_protocol\_excluded_files</Filter>
    </None>
    <None Include="..\inspector_protocol\Collections_h.template">
      <Filter>..\inspector_protocol\_excluded_files</Filter>
    </None>
    <None Include="..\inspector_protocol\DispatcherBase_cpp.template">
      <Filter>..\inspector_protocol\_excluded_files</Filter>
    </None>
    <None Include="..\inspector_protocol\DispatcherBase_h.template">
      <Filter>..\inspector_protocol\_excluded_files</Filter>
    </None>
    <None Include="..\inspector_protocol\ErrorSupport_cpp.template">
      <Filter>..\inspector_protocol\_excluded_files</Filter>
    </None>
    <None Include="..\inspector_protocol\ErrorSupport_h.template">
      <Filter>..\inspector_protocol\_excluded_files</Filter>
    </None>
    <None Include="..\inspector_protocol\Exported_h.template">
      <Filter>..\inspector_protocol\_excluded_files</Filter>
    </None>
    <None Include="..\inspector_protocol\FrontendChannel_h.template">
      <Filter>..\inspector_protocol\_excluded_files</Filter>
    </None>
    <None Include="..\inspector_protocol\Imported_h.template">
      <Filter>..\inspector_protocol\_excluded_files</Filter>
    </None>
    <None Include="..\inspector_protocol\InspectorProtocol_cpp.template">
      <Filter>..\inspector_protocol\_excluded_files</Filter>
    </None>
    <None Include="..\inspector_protocol\Maybe_h.template">
      <Filter>..\inspector_protocol\_excluded_files</Filter>
    </None>
    <None Include="..\inspector_protocol\Object_cpp.template">
      <Filter>..\inspector_protocol\_excluded_files</Filter>
    </None>
    <None Include="..\inspector_protocol\Object_h.template">
      <Filter>..\inspector_protocol\_excluded_files</Filter>
    </None>
    <None Include="..\inspector_protocol\Parser_cpp.template">
      <Filter>..\inspector_protocol\_excluded_files</Filter>
    </None>
    <None Include="..\inspector_protocol\Parser_h.template">
      <Filter>..\inspector_protocol\_excluded_files</Filter>
    </None>
    <None Include="..\inspector_protocol\Platform_h.template">
      <Filter>..\inspector_protocol\_excluded_files</Filter>
    </None>
    <None Include="..\inspector_protocol\String16_cpp.template">
      <Filter>..\inspector_protocol\_excluded_files</Filter>
    </None>
    <None Include="..\inspector_protocol\String16_h.template">
      <Filter>..\inspector_protocol\_excluded_files</Filter>
    </None>
    <None Include="..\inspector_protocol\TypeBuilder_cpp.template">
      <Filter>..\inspector_protocol\_excluded_files</Filter>
    </None>
    <None Include="..\inspector_protocol\TypeBuilder_h.template">
      <Filter>..\inspector_protocol\_excluded_files</Filter>
    </None>
    <None Include="..\inspector_protocol\ValueConversions_h.template">
      <Filter>..\inspector_protocol\_excluded_files</Filter>
    </None>
    <None Include="..\inspector_protocol\Values_cpp.template">
      <Filter>..\inspector_protocol\_excluded_files</Filter>
    </None>
    <None Include="..\inspector_protocol\Values_h.template">
      <Filter>..\inspector_protocol\_excluded_files</Filter>
    </None>
    <None Include="js_protocol.json">
      <Filter>_excluded_files</Filter>
    </None>
    <None Include="inspector_protocol_config_stl.json">
      <Filter>_excluded_files</Filter>
    </None>
  </ItemGroup>
</Project>
