<?xml version="1.0" encoding="utf-8"?>
<Project ToolsVersion="4.0" xmlns="http://schemas.microsoft.com/developer/msbuild/2003">
  <ItemGroup>
    <Filter Include="..">
      <UniqueIdentifier>{739DB09A-CC57-A953-A6CF-F64FA08E4FA7}</UniqueIdentifier>
    </Filter>
    <Filter Include="..\inspector_protocol">
      <UniqueIdentifier>{F592D7F4-FE5F-7480-DA1F-B4FE76E2288B}</UniqueIdentifier>
    </Filter>
    <Filter Include="..\inspector_protocol\_excluded_files">
      <UniqueIdentifier>{158E591E-B6EA-0C85-8F5A-18EAFA09B4CE}</UniqueIdentifier>
    </Filter>
    <Filter Include="_excluded_files">
      <UniqueIdentifier>{158E591E-B6EA-0C85-8F5A-18EAFA09B4CE}</UniqueIdentifier>
    </Filter>
  </ItemGroup>
  <ItemGroup>
    <None Include="v8_inspector.gyp"/>
    <None Include="..\inspector_protocol\generate-inspector-protocol-version">
      <Filter>..\inspector_protocol\_excluded_files</Filter>
    </None>
    <None Include="js_protocol.json">
      <Filter>_excluded_files</Filter>
    </None>
  </ItemGroup>
</Project>
