<?xml version="1.0" encoding="utf-8"?>
<Project ToolsVersion="4.0" xmlns="http://schemas.microsoft.com/developer/msbuild/2003">
  <ItemGroup>
    <Filter Include="$(OutDir)obj">
      <UniqueIdentifier>{7BD4F48B-77B4-AB58-9E24-A7302D190D1C}</UniqueIdentifier>
    </Filter>
    <Filter Include="$(OutDir)obj\global_intermediate">
      <UniqueIdentifier>{14CEDE64-16A7-96A9-EF19-5C5D6085FF18}</UniqueIdentifier>
    </Filter>
    <Filter Include="$(OutDir)obj\global_intermediate\blink">
      <UniqueIdentifier>{CB7CC51B-500D-7E25-A6FF-B160892E1B55}</UniqueIdentifier>
    </Filter>
    <Filter Include="$(OutDir)obj\global_intermediate\blink\platform">
      <UniqueIdentifier>{F040E8BA-F77A-8B19-E764-5FC5D53C4EF0}</UniqueIdentifier>
    </Filter>
    <Filter Include="$(OutDir)obj\global_intermediate\blink\platform\inspector_protocol">
      <UniqueIdentifier>{F592D7F4-FE5F-7480-DA1F-B4FE76E2288B}</UniqueIdentifier>
    </Filter>
    <Filter Include="$(OutDir)obj">
      <UniqueIdentifier>{7BD4F48B-77B4-AB58-9E24-A7302D190D1C}</UniqueIdentifier>
    </Filter>
    <Filter Include="$(OutDir)obj\global_intermediate">
      <UniqueIdentifier>{14CEDE64-16A7-96A9-EF19-5C5D6085FF18}</UniqueIdentifier>
    </Filter>
    <Filter Include="$(OutDir)obj\global_intermediate\blink">
      <UniqueIdentifier>{CB7CC51B-500D-7E25-A6FF-B160892E1B55}</UniqueIdentifier>
    </Filter>
    <Filter Include="$(OutDir)obj\global_intermediate\blink\platform">
      <UniqueIdentifier>{F040E8BA-F77A-8B19-E764-5FC5D53C4EF0}</UniqueIdentifier>
    </Filter>
    <Filter Include="$(OutDir)obj\global_intermediate\blink\platform\inspector_protocol">
      <UniqueIdentifier>{F592D7F4-FE5F-7480-DA1F-B4FE76E2288B}</UniqueIdentifier>
    </Filter>
    <Filter Include="$(OutDir)obj">
      <UniqueIdentifier>{7BD4F48B-77B4-AB58-9E24-A7302D190D1C}</UniqueIdentifier>
    </Filter>
    <Filter Include="$(OutDir)obj\global_intermediate">
      <UniqueIdentifier>{14CEDE64-16A7-96A9-EF19-5C5D6085FF18}</UniqueIdentifier>
    </Filter>
    <Filter Include="$(OutDir)obj\global_intermediate\blink">
      <UniqueIdentifier>{CB7CC51B-500D-7E25-A6FF-B160892E1B55}</UniqueIdentifier>
    </Filter>
    <Filter Include="$(OutDir)obj\global_intermediate\blink\platform">
      <UniqueIdentifier>{F040E8BA-F77A-8B19-E764-5FC5D53C4EF0}</UniqueIdentifier>
    </Filter>
    <Filter Include="$(OutDir)obj\global_intermediate\blink\platform\v8_inspector">
      <UniqueIdentifier>{C0D479E7-A538-A08F-299E-22ED40C07B6B}</UniqueIdentifier>
    </Filter>
    <Filter Include="$(OutDir)obj\global_intermediate\blink\platform\v8_inspector\protocol">
      <UniqueIdentifier>{FD430606-600C-E721-8F94-9A9989057E12}</UniqueIdentifier>
    </Filter>
    <Filter Include="$(OutDir)obj">
      <UniqueIdentifier>{7BD4F48B-77B4-AB58-9E24-A7302D190D1C}</UniqueIdentifier>
    </Filter>
    <Filter Include="$(OutDir)obj\global_intermediate">
      <UniqueIdentifier>{14CEDE64-16A7-96A9-EF19-5C5D6085FF18}</UniqueIdentifier>
    </Filter>
    <Filter Include="$(OutDir)obj\global_intermediate\blink">
      <UniqueIdentifier>{CB7CC51B-500D-7E25-A6FF-B160892E1B55}</UniqueIdentifier>
    </Filter>
    <Filter Include="$(OutDir)obj\global_intermediate\blink\platform">
      <UniqueIdentifier>{F040E8BA-F77A-8B19-E764-5FC5D53C4EF0}</UniqueIdentifier>
    </Filter>
    <Filter Include="$(OutDir)obj\global_intermediate\blink\platform\v8_inspector">
      <UniqueIdentifier>{C0D479E7-A538-A08F-299E-22ED40C07B6B}</UniqueIdentifier>
    </Filter>
    <Filter Include="$(OutDir)obj\global_intermediate\blink\platform\v8_inspector\protocol">
      <UniqueIdentifier>{FD430606-600C-E721-8F94-9A9989057E12}</UniqueIdentifier>
    </Filter>
    <Filter Include="$(OutDir)obj">
      <UniqueIdentifier>{7BD4F48B-77B4-AB58-9E24-A7302D190D1C}</UniqueIdentifier>
    </Filter>
    <Filter Include="$(OutDir)obj\global_intermediate">
      <UniqueIdentifier>{14CEDE64-16A7-96A9-EF19-5C5D6085FF18}</UniqueIdentifier>
    </Filter>
    <Filter Include="$(OutDir)obj\global_intermediate\blink">
      <UniqueIdentifier>{CB7CC51B-500D-7E25-A6FF-B160892E1B55}</UniqueIdentifier>
    </Filter>
    <Filter Include="$(OutDir)obj\global_intermediate\blink\platform">
      <UniqueIdentifier>{F040E8BA-F77A-8B19-E764-5FC5D53C4EF0}</UniqueIdentifier>
    </Filter>
    <Filter Include="$(OutDir)obj\global_intermediate\blink\platform\v8_inspector">
      <UniqueIdentifier>{C0D479E7-A538-A08F-299E-22ED40C07B6B}</UniqueIdentifier>
    </Filter>
    <Filter Include="$(OutDir)obj\global_intermediate\blink\platform\v8_inspector\protocol">
      <UniqueIdentifier>{FD430606-600C-E721-8F94-9A9989057E12}</UniqueIdentifier>
    </Filter>
    <Filter Include="$(OutDir)obj">
      <UniqueIdentifier>{7BD4F48B-77B4-AB58-9E24-A7302D190D1C}</UniqueIdentifier>
    </Filter>
    <Filter Include="$(OutDir)obj\global_intermediate">
      <UniqueIdentifier>{14CEDE64-16A7-96A9-EF19-5C5D6085FF18}</UniqueIdentifier>
    </Filter>
    <Filter Include="$(OutDir)obj\global_intermediate\blink">
      <UniqueIdentifier>{CB7CC51B-500D-7E25-A6FF-B160892E1B55}</UniqueIdentifier>
    </Filter>
    <Filter Include="$(OutDir)obj\global_intermediate\blink\platform">
      <UniqueIdentifier>{F040E8BA-F77A-8B19-E764-5FC5D53C4EF0}</UniqueIdentifier>
    </Filter>
    <Filter Include="$(OutDir)obj\global_intermediate\blink\platform\v8_inspector">
      <UniqueIdentifier>{C0D479E7-A538-A08F-299E-22ED40C07B6B}</UniqueIdentifier>
    </Filter>
    <Filter Include="$(OutDir)obj\global_intermediate\blink\platform\v8_inspector\protocol">
      <UniqueIdentifier>{FD430606-600C-E721-8F94-9A9989057E12}</UniqueIdentifier>
    </Filter>
    <Filter Include="$(OutDir)obj">
      <UniqueIdentifier>{7BD4F48B-77B4-AB58-9E24-A7302D190D1C}</UniqueIdentifier>
    </Filter>
    <Filter Include="$(OutDir)obj\global_intermediate">
      <UniqueIdentifier>{14CEDE64-16A7-96A9-EF19-5C5D6085FF18}</UniqueIdentifier>
    </Filter>
    <Filter Include="$(OutDir)obj\global_intermediate\blink">
      <UniqueIdentifier>{CB7CC51B-500D-7E25-A6FF-B160892E1B55}</UniqueIdentifier>
    </Filter>
    <Filter Include="$(OutDir)obj\global_intermediate\blink\platform">
      <UniqueIdentifier>{F040E8BA-F77A-8B19-E764-5FC5D53C4EF0}</UniqueIdentifier>
    </Filter>
    <Filter Include="$(OutDir)obj\global_intermediate\blink\platform\v8_inspector">
      <UniqueIdentifier>{C0D479E7-A538-A08F-299E-22ED40C07B6B}</UniqueIdentifier>
    </Filter>
    <Filter Include="$(OutDir)obj\global_intermediate\blink\platform\v8_inspector\protocol">
      <UniqueIdentifier>{FD430606-600C-E721-8F94-9A9989057E12}</UniqueIdentifier>
    </Filter>
    <Filter Include="$(OutDir)obj">
      <UniqueIdentifier>{7BD4F48B-77B4-AB58-9E24-A7302D190D1C}</UniqueIdentifier>
    </Filter>
    <Filter Include="$(OutDir)obj\global_intermediate">
      <UniqueIdentifier>{14CEDE64-16A7-96A9-EF19-5C5D6085FF18}</UniqueIdentifier>
    </Filter>
    <Filter Include="$(OutDir)obj\global_intermediate\blink">
      <UniqueIdentifier>{CB7CC51B-500D-7E25-A6FF-B160892E1B55}</UniqueIdentifier>
    </Filter>
    <Filter Include="$(OutDir)obj\global_intermediate\blink\platform">
      <UniqueIdentifier>{F040E8BA-F77A-8B19-E764-5FC5D53C4EF0}</UniqueIdentifier>
    </Filter>
    <Filter Include="$(OutDir)obj\global_intermediate\blink\platform\v8_inspector">
      <UniqueIdentifier>{C0D479E7-A538-A08F-299E-22ED40C07B6B}</UniqueIdentifier>
    </Filter>
    <Filter Include="$(OutDir)obj\global_intermediate\blink\platform\v8_inspector\protocol">
      <UniqueIdentifier>{FD430606-600C-E721-8F94-9A9989057E12}</UniqueIdentifier>
    </Filter>
    <Filter Include="$(OutDir)obj">
      <UniqueIdentifier>{7BD4F48B-77B4-AB58-9E24-A7302D190D1C}</UniqueIdentifier>
    </Filter>
    <Filter Include="$(OutDir)obj\global_intermediate">
      <UniqueIdentifier>{14CEDE64-16A7-96A9-EF19-5C5D6085FF18}</UniqueIdentifier>
    </Filter>
    <Filter Include="$(OutDir)obj\global_intermediate\blink">
      <UniqueIdentifier>{CB7CC51B-500D-7E25-A6FF-B160892E1B55}</UniqueIdentifier>
    </Filter>
    <Filter Include="$(OutDir)obj\global_intermediate\blink\platform">
      <UniqueIdentifier>{F040E8BA-F77A-8B19-E764-5FC5D53C4EF0}</UniqueIdentifier>
    </Filter>
    <Filter Include="$(OutDir)obj\global_intermediate\blink\platform\v8_inspector">
      <UniqueIdentifier>{C0D479E7-A538-A08F-299E-22ED40C07B6B}</UniqueIdentifier>
    </Filter>
    <Filter Include="$(OutDir)obj\global_intermediate\blink\platform\v8_inspector\protocol">
      <UniqueIdentifier>{FD430606-600C-E721-8F94-9A9989057E12}</UniqueIdentifier>
    </Filter>
    <Filter Include="$(OutDir)obj">
      <UniqueIdentifier>{7BD4F48B-77B4-AB58-9E24-A7302D190D1C}</UniqueIdentifier>
    </Filter>
    <Filter Include="$(OutDir)obj\global_intermediate">
      <UniqueIdentifier>{14CEDE64-16A7-96A9-EF19-5C5D6085FF18}</UniqueIdentifier>
    </Filter>
    <Filter Include="$(OutDir)obj\global_intermediate\blink">
      <UniqueIdentifier>{CB7CC51B-500D-7E25-A6FF-B160892E1B55}</UniqueIdentifier>
    </Filter>
    <Filter Include="$(OutDir)obj\global_intermediate\blink\platform">
      <UniqueIdentifier>{F040E8BA-F77A-8B19-E764-5FC5D53C4EF0}</UniqueIdentifier>
    </Filter>
    <Filter Include="$(OutDir)obj\global_intermediate\blink\platform\v8_inspector">
      <UniqueIdentifier>{C0D479E7-A538-A08F-299E-22ED40C07B6B}</UniqueIdentifier>
    </Filter>
    <Filter Include="$(OutDir)obj\global_intermediate\blink\platform\v8_inspector\protocol">
      <UniqueIdentifier>{FD430606-600C-E721-8F94-9A9989057E12}</UniqueIdentifier>
    </Filter>
    <Filter Include="$(OutDir)obj">
      <UniqueIdentifier>{7BD4F48B-77B4-AB58-9E24-A7302D190D1C}</UniqueIdentifier>
    </Filter>
    <Filter Include="$(OutDir)obj\global_intermediate">
      <UniqueIdentifier>{14CEDE64-16A7-96A9-EF19-5C5D6085FF18}</UniqueIdentifier>
    </Filter>
    <Filter Include="$(OutDir)obj\global_intermediate\blink">
      <UniqueIdentifier>{CB7CC51B-500D-7E25-A6FF-B160892E1B55}</UniqueIdentifier>
    </Filter>
    <Filter Include="$(OutDir)obj\global_intermediate\blink\platform">
      <UniqueIdentifier>{F040E8BA-F77A-8B19-E764-5FC5D53C4EF0}</UniqueIdentifier>
    </Filter>
    <Filter Include="$(OutDir)obj\global_intermediate\blink\platform\v8_inspector">
      <UniqueIdentifier>{C0D479E7-A538-A08F-299E-22ED40C07B6B}</UniqueIdentifier>
    </Filter>
    <Filter Include="$(OutDir)obj\global_intermediate\blink\platform\v8_inspector\protocol">
      <UniqueIdentifier>{FD430606-600C-E721-8F94-9A9989057E12}</UniqueIdentifier>
    </Filter>
    <Filter Include="$(OutDir)obj">
      <UniqueIdentifier>{7BD4F48B-77B4-AB58-9E24-A7302D190D1C}</UniqueIdentifier>
    </Filter>
    <Filter Include="$(OutDir)obj\global_intermediate">
      <UniqueIdentifier>{14CEDE64-16A7-96A9-EF19-5C5D6085FF18}</UniqueIdentifier>
    </Filter>
    <Filter Include="$(OutDir)obj\global_intermediate\blink">
      <UniqueIdentifier>{CB7CC51B-500D-7E25-A6FF-B160892E1B55}</UniqueIdentifier>
    </Filter>
    <Filter Include="$(OutDir)obj\global_intermediate\blink\platform">
      <UniqueIdentifier>{F040E8BA-F77A-8B19-E764-5FC5D53C4EF0}</UniqueIdentifier>
    </Filter>
    <Filter Include="$(OutDir)obj\global_intermediate\blink\platform\v8_inspector">
      <UniqueIdentifier>{C0D479E7-A538-A08F-299E-22ED40C07B6B}</UniqueIdentifier>
    </Filter>
    <Filter Include="$(OutDir)obj\global_intermediate\blink\platform\v8_inspector\protocol">
      <UniqueIdentifier>{FD430606-600C-E721-8F94-9A9989057E12}</UniqueIdentifier>
    </Filter>
    <Filter Include="$(OutDir)obj">
      <UniqueIdentifier>{7BD4F48B-77B4-AB58-9E24-A7302D190D1C}</UniqueIdentifier>
    </Filter>
    <Filter Include="$(OutDir)obj\global_intermediate">
      <UniqueIdentifier>{14CEDE64-16A7-96A9-EF19-5C5D6085FF18}</UniqueIdentifier>
    </Filter>
    <Filter Include="$(OutDir)obj\global_intermediate\blink">
      <UniqueIdentifier>{CB7CC51B-500D-7E25-A6FF-B160892E1B55}</UniqueIdentifier>
    </Filter>
    <Filter Include="$(OutDir)obj\global_intermediate\blink\platform">
      <UniqueIdentifier>{F040E8BA-F77A-8B19-E764-5FC5D53C4EF0}</UniqueIdentifier>
    </Filter>
    <Filter Include="$(OutDir)obj\global_intermediate\blink\platform\v8_inspector">
      <UniqueIdentifier>{C0D479E7-A538-A08F-299E-22ED40C07B6B}</UniqueIdentifier>
    </Filter>
    <Filter Include="$(OutDir)obj\global_intermediate\blink\platform\v8_inspector\protocol">
      <UniqueIdentifier>{FD430606-600C-E721-8F94-9A9989057E12}</UniqueIdentifier>
    </Filter>
    <Filter Include="$(OutDir)obj">
      <UniqueIdentifier>{7BD4F48B-77B4-AB58-9E24-A7302D190D1C}</UniqueIdentifier>
    </Filter>
    <Filter Include="$(OutDir)obj\global_intermediate">
      <UniqueIdentifier>{14CEDE64-16A7-96A9-EF19-5C5D6085FF18}</UniqueIdentifier>
    </Filter>
    <Filter Include="$(OutDir)obj\global_intermediate\blink">
      <UniqueIdentifier>{CB7CC51B-500D-7E25-A6FF-B160892E1B55}</UniqueIdentifier>
    </Filter>
    <Filter Include="$(OutDir)obj\global_intermediate\blink\platform">
      <UniqueIdentifier>{F040E8BA-F77A-8B19-E764-5FC5D53C4EF0}</UniqueIdentifier>
    </Filter>
    <Filter Include="$(OutDir)obj\global_intermediate\blink\platform\v8_inspector">
      <UniqueIdentifier>{C0D479E7-A538-A08F-299E-22ED40C07B6B}</UniqueIdentifier>
    </Filter>
    <Filter Include="$(OutDir)obj\global_intermediate\blink\platform\v8_inspector\protocol">
      <UniqueIdentifier>{FD430606-600C-E721-8F94-9A9989057E12}</UniqueIdentifier>
    </Filter>
    <Filter Include="$(OutDir)obj">
      <UniqueIdentifier>{7BD4F48B-77B4-AB58-9E24-A7302D190D1C}</UniqueIdentifier>
    </Filter>
    <Filter Include="$(OutDir)obj\global_intermediate">
      <UniqueIdentifier>{14CEDE64-16A7-96A9-EF19-5C5D6085FF18}</UniqueIdentifier>
    </Filter>
    <Filter Include="$(OutDir)obj\global_intermediate\blink">
      <UniqueIdentifier>{CB7CC51B-500D-7E25-A6FF-B160892E1B55}</UniqueIdentifier>
    </Filter>
    <Filter Include="$(OutDir)obj\global_intermediate\blink\platform">
      <UniqueIdentifier>{F040E8BA-F77A-8B19-E764-5FC5D53C4EF0}</UniqueIdentifier>
    </Filter>
    <Filter Include="$(OutDir)obj\global_intermediate\blink\platform\v8_inspector">
      <UniqueIdentifier>{C0D479E7-A538-A08F-299E-22ED40C07B6B}</UniqueIdentifier>
    </Filter>
    <Filter Include="$(OutDir)obj\global_intermediate\blink\platform\v8_inspector\public">
      <UniqueIdentifier>{0D2511BD-044F-C35F-ECCE-845899961E41}</UniqueIdentifier>
    </Filter>
    <Filter Include="$(OutDir)obj\global_intermediate\blink\platform\v8_inspector\public\protocol">
      <UniqueIdentifier>{FD430606-600C-E721-8F94-9A9989057E12}</UniqueIdentifier>
    </Filter>
    <Filter Include="$(OutDir)obj">
      <UniqueIdentifier>{7BD4F48B-77B4-AB58-9E24-A7302D190D1C}</UniqueIdentifier>
    </Filter>
    <Filter Include="$(OutDir)obj\global_intermediate">
      <UniqueIdentifier>{14CEDE64-16A7-96A9-EF19-5C5D6085FF18}</UniqueIdentifier>
    </Filter>
    <Filter Include="$(OutDir)obj\global_intermediate\blink">
      <UniqueIdentifier>{CB7CC51B-500D-7E25-A6FF-B160892E1B55}</UniqueIdentifier>
    </Filter>
    <Filter Include="$(OutDir)obj\global_intermediate\blink\platform">
      <UniqueIdentifier>{F040E8BA-F77A-8B19-E764-5FC5D53C4EF0}</UniqueIdentifier>
    </Filter>
    <Filter Include="$(OutDir)obj\global_intermediate\blink\platform\v8_inspector">
      <UniqueIdentifier>{C0D479E7-A538-A08F-299E-22ED40C07B6B}</UniqueIdentifier>
    </Filter>
    <Filter Include="$(OutDir)obj\global_intermediate\blink\platform\v8_inspector\public">
      <UniqueIdentifier>{0D2511BD-044F-C35F-ECCE-845899961E41}</UniqueIdentifier>
    </Filter>
    <Filter Include="$(OutDir)obj\global_intermediate\blink\platform\v8_inspector\public\protocol">
      <UniqueIdentifier>{FD430606-600C-E721-8F94-9A9989057E12}</UniqueIdentifier>
    </Filter>
    <Filter Include="$(OutDir)obj">
      <UniqueIdentifier>{7BD4F48B-77B4-AB58-9E24-A7302D190D1C}</UniqueIdentifier>
    </Filter>
    <Filter Include="$(OutDir)obj\global_intermediate">
      <UniqueIdentifier>{14CEDE64-16A7-96A9-EF19-5C5D6085FF18}</UniqueIdentifier>
    </Filter>
    <Filter Include="$(OutDir)obj\global_intermediate\blink">
      <UniqueIdentifier>{CB7CC51B-500D-7E25-A6FF-B160892E1B55}</UniqueIdentifier>
    </Filter>
    <Filter Include="$(OutDir)obj\global_intermediate\blink\platform">
      <UniqueIdentifier>{F040E8BA-F77A-8B19-E764-5FC5D53C4EF0}</UniqueIdentifier>
    </Filter>
    <Filter Include="$(OutDir)obj\global_intermediate\blink\platform\v8_inspector">
      <UniqueIdentifier>{C0D479E7-A538-A08F-299E-22ED40C07B6B}</UniqueIdentifier>
    </Filter>
    <Filter Include="$(OutDir)obj\global_intermediate\blink\platform\v8_inspector\public">
      <UniqueIdentifier>{0D2511BD-044F-C35F-ECCE-845899961E41}</UniqueIdentifier>
    </Filter>
    <Filter Include="$(OutDir)obj\global_intermediate\blink\platform\v8_inspector\public\protocol">
      <UniqueIdentifier>{FD430606-600C-E721-8F94-9A9989057E12}</UniqueIdentifier>
    </Filter>
    <Filter Include="public">
      <UniqueIdentifier>{0D2511BD-044F-C35F-ECCE-845899961E41}</UniqueIdentifier>
    </Filter>
    <Filter Include="public">
      <UniqueIdentifier>{0D2511BD-044F-C35F-ECCE-845899961E41}</UniqueIdentifier>
    </Filter>
    <Filter Include="public">
      <UniqueIdentifier>{0D2511BD-044F-C35F-ECCE-845899961E41}</UniqueIdentifier>
    </Filter>
    <Filter Include="public">
      <UniqueIdentifier>{0D2511BD-044F-C35F-ECCE-845899961E41}</UniqueIdentifier>
    </Filter>
    <Filter Include="public">
      <UniqueIdentifier>{0D2511BD-044F-C35F-ECCE-845899961E41}</UniqueIdentifier>
    </Filter>
    <Filter Include="public">
      <UniqueIdentifier>{0D2511BD-044F-C35F-ECCE-845899961E41}</UniqueIdentifier>
    </Filter>
    <Filter Include="public">
      <UniqueIdentifier>{0D2511BD-044F-C35F-ECCE-845899961E41}</UniqueIdentifier>
    </Filter>
    <Filter Include="$(OutDir)obj">
      <UniqueIdentifier>{7BD4F48B-77B4-AB58-9E24-A7302D190D1C}</UniqueIdentifier>
    </Filter>
    <Filter Include="$(OutDir)obj\global_intermediate">
      <UniqueIdentifier>{14CEDE64-16A7-96A9-EF19-5C5D6085FF18}</UniqueIdentifier>
    </Filter>
    <Filter Include="$(OutDir)obj\global_intermediate\blink">
      <UniqueIdentifier>{CB7CC51B-500D-7E25-A6FF-B160892E1B55}</UniqueIdentifier>
    </Filter>
    <Filter Include="$(OutDir)obj\global_intermediate\blink\platform">
      <UniqueIdentifier>{F040E8BA-F77A-8B19-E764-5FC5D53C4EF0}</UniqueIdentifier>
    </Filter>
    <Filter Include="$(OutDir)obj\global_intermediate\blink\platform\v8_inspector">
      <UniqueIdentifier>{C0D479E7-A538-A08F-299E-22ED40C07B6B}</UniqueIdentifier>
    </Filter>
    <Filter Include="$(OutDir)obj">
      <UniqueIdentifier>{7BD4F48B-77B4-AB58-9E24-A7302D190D1C}</UniqueIdentifier>
    </Filter>
    <Filter Include="$(OutDir)obj\global_intermediate">
      <UniqueIdentifier>{14CEDE64-16A7-96A9-EF19-5C5D6085FF18}</UniqueIdentifier>
    </Filter>
    <Filter Include="$(OutDir)obj\global_intermediate\blink">
      <UniqueIdentifier>{CB7CC51B-500D-7E25-A6FF-B160892E1B55}</UniqueIdentifier>
    </Filter>
    <Filter Include="$(OutDir)obj\global_intermediate\blink\platform">
      <UniqueIdentifier>{F040E8BA-F77A-8B19-E764-5FC5D53C4EF0}</UniqueIdentifier>
    </Filter>
    <Filter Include="$(OutDir)obj\global_intermediate\blink\platform\v8_inspector">
      <UniqueIdentifier>{C0D479E7-A538-A08F-299E-22ED40C07B6B}</UniqueIdentifier>
    </Filter>
  </ItemGroup>
  <ItemGroup>
    <ClCompile Include="$(OutDir)obj\global_intermediate\blink\platform\inspector_protocol\InspectorProtocol.cpp">
      <Filter>$(OutDir)obj\global_intermediate\blink\platform\inspector_protocol</Filter>
    </ClCompile>
    <ClInclude Include="$(OutDir)obj\global_intermediate\blink\platform\inspector_protocol\InspectorProtocol.h">
      <Filter>$(OutDir)obj\global_intermediate\blink\platform\inspector_protocol</Filter>
    </ClInclude>
    <ClCompile Include="$(OutDir)obj\global_intermediate\blink\platform\v8_inspector\protocol\Console.cpp">
      <Filter>$(OutDir)obj\global_intermediate\blink\platform\v8_inspector\protocol</Filter>
    </ClCompile>
    <ClInclude Include="$(OutDir)obj\global_intermediate\blink\platform\v8_inspector\protocol\Console.h">
      <Filter>$(OutDir)obj\global_intermediate\blink\platform\v8_inspector\protocol</Filter>
    </ClInclude>
    <ClCompile Include="$(OutDir)obj\global_intermediate\blink\platform\v8_inspector\protocol\Debugger.cpp">
      <Filter>$(OutDir)obj\global_intermediate\blink\platform\v8_inspector\protocol</Filter>
    </ClCompile>
    <ClInclude Include="$(OutDir)obj\global_intermediate\blink\platform\v8_inspector\protocol\Debugger.h">
      <Filter>$(OutDir)obj\global_intermediate\blink\platform\v8_inspector\protocol</Filter>
    </ClInclude>
    <ClCompile Include="$(OutDir)obj\global_intermediate\blink\platform\v8_inspector\protocol\HeapProfiler.cpp">
      <Filter>$(OutDir)obj\global_intermediate\blink\platform\v8_inspector\protocol</Filter>
    </ClCompile>
    <ClInclude Include="$(OutDir)obj\global_intermediate\blink\platform\v8_inspector\protocol\HeapProfiler.h">
      <Filter>$(OutDir)obj\global_intermediate\blink\platform\v8_inspector\protocol</Filter>
    </ClInclude>
    <ClCompile Include="$(OutDir)obj\global_intermediate\blink\platform\v8_inspector\protocol\Profiler.cpp">
      <Filter>$(OutDir)obj\global_intermediate\blink\platform\v8_inspector\protocol</Filter>
    </ClCompile>
    <ClInclude Include="$(OutDir)obj\global_intermediate\blink\platform\v8_inspector\protocol\Profiler.h">
      <Filter>$(OutDir)obj\global_intermediate\blink\platform\v8_inspector\protocol</Filter>
    </ClInclude>
    <ClCompile Include="$(OutDir)obj\global_intermediate\blink\platform\v8_inspector\protocol\Runtime.cpp">
      <Filter>$(OutDir)obj\global_intermediate\blink\platform\v8_inspector\protocol</Filter>
    </ClCompile>
    <ClInclude Include="$(OutDir)obj\global_intermediate\blink\platform\v8_inspector\protocol\Runtime.h">
      <Filter>$(OutDir)obj\global_intermediate\blink\platform\v8_inspector\protocol</Filter>
    </ClInclude>
    <ClCompile Include="$(OutDir)obj\global_intermediate\blink\platform\v8_inspector\protocol\Schema.cpp">
      <Filter>$(OutDir)obj\global_intermediate\blink\platform\v8_inspector\protocol</Filter>
    </ClCompile>
    <ClInclude Include="$(OutDir)obj\global_intermediate\blink\platform\v8_inspector\protocol\Schema.h">
      <Filter>$(OutDir)obj\global_intermediate\blink\platform\v8_inspector\protocol</Filter>
    </ClInclude>
    <ClInclude Include="$(OutDir)obj\global_intermediate\blink\platform\v8_inspector\public\protocol\Debugger.h">
      <Filter>$(OutDir)obj\global_intermediate\blink\platform\v8_inspector\public\protocol</Filter>
    </ClInclude>
    <ClInclude Include="$(OutDir)obj\global_intermediate\blink\platform\v8_inspector\public\protocol\Runtime.h">
      <Filter>$(OutDir)obj\global_intermediate\blink\platform\v8_inspector\public\protocol</Filter>
    </ClInclude>
    <ClInclude Include="$(OutDir)obj\global_intermediate\blink\platform\v8_inspector\public\protocol\Schema.h">
      <Filter>$(OutDir)obj\global_intermediate\blink\platform\v8_inspector\public\protocol</Filter>
    </ClInclude>
    <ClInclude Include="Atomics.h"/>
    <ClCompile Include="InjectedScript.cpp"/>
    <ClInclude Include="InjectedScript.h"/>
    <ClCompile Include="InjectedScriptNative.cpp"/>
    <ClInclude Include="InjectedScriptNative.h"/>
    <ClCompile Include="InspectedContext.cpp"/>
    <ClInclude Include="InspectedContext.h"/>
    <ClCompile Include="JavaScriptCallFrame.cpp"/>
    <ClInclude Include="JavaScriptCallFrame.h"/>
    <ClInclude Include="MuteConsoleScope.h"/>
    <ClInclude Include="PlatformSTL.h"/>
    <ClCompile Include="RemoteObjectId.cpp"/>
    <ClInclude Include="RemoteObjectId.h"/>
    <ClInclude Include="ScriptBreakpoint.h"/>
    <ClCompile Include="String16STL.cpp"/>
    <ClInclude Include="String16STL.h"/>
    <ClCompile Include="V8Console.cpp"/>
    <ClInclude Include="V8Console.h"/>
    <ClCompile Include="V8ConsoleAgentImpl.cpp"/>
    <ClInclude Include="V8ConsoleAgentImpl.h"/>
    <ClCompile Include="V8ConsoleMessage.cpp"/>
    <ClInclude Include="V8ConsoleMessage.h"/>
    <ClCompile Include="V8Debugger.cpp"/>
    <ClInclude Include="V8Debugger.h"/>
    <ClCompile Include="V8DebuggerAgentImpl.cpp"/>
    <ClInclude Include="V8DebuggerAgentImpl.h"/>
    <ClCompile Include="V8InspectorImpl.cpp"/>
    <ClInclude Include="V8InspectorImpl.h"/>
    <ClCompile Include="V8DebuggerScript.cpp"/>
    <ClInclude Include="V8DebuggerScript.h"/>
    <ClCompile Include="V8FunctionCall.cpp"/>
    <ClInclude Include="V8FunctionCall.h"/>
    <ClCompile Include="V8HeapProfilerAgentImpl.cpp"/>
    <ClInclude Include="V8HeapProfilerAgentImpl.h"/>
    <ClCompile Include="V8InjectedScriptHost.cpp"/>
    <ClInclude Include="V8InjectedScriptHost.h"/>
    <ClCompile Include="V8InspectorSessionImpl.cpp"/>
    <ClInclude Include="V8InspectorSessionImpl.h"/>
    <ClCompile Include="V8InternalValueType.cpp"/>
    <ClInclude Include="V8InternalValueType.h"/>
    <ClCompile Include="V8ProfilerAgentImpl.cpp"/>
    <ClInclude Include="V8ProfilerAgentImpl.h"/>
    <ClCompile Include="V8Regex.cpp"/>
    <ClInclude Include="V8Regex.h"/>
    <ClCompile Include="V8RuntimeAgentImpl.cpp"/>
    <ClInclude Include="V8RuntimeAgentImpl.h"/>
    <ClCompile Include="V8SchemaAgentImpl.cpp"/>
    <ClInclude Include="V8SchemaAgentImpl.h"/>
    <ClCompile Include="V8StackTraceImpl.cpp"/>
    <ClInclude Include="V8StackTraceImpl.h"/>
    <ClCompile Include="V8StringUtil.cpp"/>
    <ClInclude Include="V8StringUtil.h"/>
    <ClCompile Include="V8ValueCopier.cpp"/>
    <ClInclude Include="V8ValueCopier.h"/>
    <ClInclude Include="public\V8EventListenerInfo.h">
      <Filter>public</Filter>
    </ClInclude>
    <ClInclude Include="public\V8ContextInfo.h">
      <Filter>public</Filter>
    </ClInclude>
    <ClInclude Include="public\V8Inspector.h">
      <Filter>public</Filter>
    </ClInclude>
    <ClInclude Include="public\V8InspectorClient.h">
      <Filter>public</Filter>
    </ClInclude>
    <ClInclude Include="public\V8HeapProfilerAgent.h">
      <Filter>public</Filter>
    </ClInclude>
    <ClInclude Include="public\V8InspectorSession.h">
      <Filter>public</Filter>
    </ClInclude>
    <ClInclude Include="public\V8StackTrace.h">
      <Filter>public</Filter>
    </ClInclude>
    <ClInclude Include="$(OutDir)obj\global_intermediate\blink\platform\v8_inspector\DebuggerScript.h">
      <Filter>$(OutDir)obj\global_intermediate\blink\platform\v8_inspector</Filter>
    </ClInclude>
    <ClInclude Include="$(OutDir)obj\global_intermediate\blink\platform\v8_inspector\InjectedScriptSource.h">
      <Filter>$(OutDir)obj\global_intermediate\blink\platform\v8_inspector</Filter>
    </ClInclude>
    <None Include="v8_inspector.gyp"/>
  </ItemGroup>
</Project>
