Microsoft Visual Studio Solution File, Format Version 12.00
# Visual Studio 2015
Project("{8BC9CEB8-8B4A-11D0-8D11-00A0C91BC942}") = "inspector_debugger_script", "inspector_debugger_script.vcxproj", "{B24CA5FC-B032-4A50-8A44-137052A3A67B}"
EndProject
Project("{8BC9CEB8-8B4A-11D0-8D11-00A0C91BC942}") = "inspector_injected_script", "inspector_injected_script.vcxproj", "{3A9BFB28-6011-2809-148F-DD7927E01D08}"
EndProject
Project("{8BC9CEB8-8B4A-11D0-8D11-00A0C91BC942}") = "protocol_sources_stl", "protocol_sources_stl.vcxproj", "{D4B2F43F-B965-0401-8AE2-0F246D286B7C}"
	ProjectSection(ProjectDependencies) = postProject
		{903BFBCA-D694-1D30-D4DF-CF8E5BDE5A92} = {903BFBCA-D694-1D30-D4DF-CF8E5BDE5A92}
	EndProjectSection
EndProject
Project("{8BC9CEB8-8B4A-11D0-8D11-00A0C91BC942}") = "protocol_version", "protocol_version.vcxproj", "{903BFBCA-D694-1D30-D4DF-CF8E5BDE5A92}"
EndProject
Project("{8BC9CEB8-8B4A-11D0-8D11-00A0C91BC942}") = "v8_inspector_stl", "v8_inspector_stl.vcxproj", "{CE56E53E-E019-1C96-2E8F-1B2F78DDA1ED}"
	ProjectSection(ProjectDependencies) = postProject
		{3A9BFB28-6011-2809-148F-DD7927E01D08} = {3A9BFB28-6011-2809-148F-DD7927E01D08}
		{B24CA5FC-B032-4A50-8A44-137052A3A67B} = {B24CA5FC-B032-4A50-8A44-137052A3A67B}
		{D4B2F43F-B965-0401-8AE2-0F246D286B7C} = {D4B2F43F-B965-0401-8AE2-0F246D286B7C}
	EndProjectSection
EndProject
Global
	GlobalSection(SolutionConfigurationPlatforms) = preSolution
		Release_x64|Win32 = Release_x64|Win32
		Debug_x64|Win32 = Debug_x64|Win32
		Debug|Win32 = Debug|Win32
		Release|Win32 = Release|Win32
	EndGlobalSection
	GlobalSection(ProjectConfigurationPlatforms) = postSolution
		{3A9BFB28-6011-2809-148F-DD7927E01D08}.Release_x64|Win32.ActiveCfg = Release_x64|Win32
		{3A9BFB28-6011-2809-148F-DD7927E01D08}.Release_x64|Win32.Build.0 = Release_x64|Win32
		{3A9BFB28-6011-2809-148F-DD7927E01D08}.Debug_x64|Win32.ActiveCfg = Debug_x64|Win32
		{3A9BFB28-6011-2809-148F-DD7927E01D08}.Debug_x64|Win32.Build.0 = Debug_x64|Win32
		{3A9BFB28-6011-2809-148F-DD7927E01D08}.Debug|Win32.ActiveCfg = Debug|Win32
		{3A9BFB28-6011-2809-148F-DD7927E01D08}.Debug|Win32.Build.0 = Debug|Win32
		{3A9BFB28-6011-2809-148F-DD7927E01D08}.Release|Win32.ActiveCfg = Release|Win32
		{3A9BFB28-6011-2809-148F-DD7927E01D08}.Release|Win32.Build.0 = Release|Win32
		{903BFBCA-D694-1D30-D4DF-CF8E5BDE5A92}.Release_x64|Win32.ActiveCfg = Release_x64|Win32
		{903BFBCA-D694-1D30-D4DF-CF8E5BDE5A92}.Release_x64|Win32.Build.0 = Release_x64|Win32
		{903BFBCA-D694-1D30-D4DF-CF8E5BDE5A92}.Debug_x64|Win32.ActiveCfg = Debug_x64|Win32
		{903BFBCA-D694-1D30-D4DF-CF8E5BDE5A92}.Debug_x64|Win32.Build.0 = Debug_x64|Win32
		{903BFBCA-D694-1D30-D4DF-CF8E5BDE5A92}.Debug|Win32.ActiveCfg = Debug|Win32
		{903BFBCA-D694-1D30-D4DF-CF8E5BDE5A92}.Debug|Win32.Build.0 = Debug|Win32
		{903BFBCA-D694-1D30-D4DF-CF8E5BDE5A92}.Release|Win32.ActiveCfg = Release|Win32
		{903BFBCA-D694-1D30-D4DF-CF8E5BDE5A92}.Release|Win32.Build.0 = Release|Win32
		{B24CA5FC-B032-4A50-8A44-137052A3A67B}.Release_x64|Win32.ActiveCfg = Release_x64|Win32
		{B24CA5FC-B032-4A50-8A44-137052A3A67B}.Release_x64|Win32.Build.0 = Release_x64|Win32
		{B24CA5FC-B032-4A50-8A44-137052A3A67B}.Debug_x64|Win32.ActiveCfg = Debug_x64|Win32
		{B24CA5FC-B032-4A50-8A44-137052A3A67B}.Debug_x64|Win32.Build.0 = Debug_x64|Win32
		{B24CA5FC-B032-4A50-8A44-137052A3A67B}.Debug|Win32.ActiveCfg = Debug|Win32
		{B24CA5FC-B032-4A50-8A44-137052A3A67B}.Debug|Win32.Build.0 = Debug|Win32
		{B24CA5FC-B032-4A50-8A44-137052A3A67B}.Release|Win32.ActiveCfg = Release|Win32
		{B24CA5FC-B032-4A50-8A44-137052A3A67B}.Release|Win32.Build.0 = Release|Win32
		{CE56E53E-E019-1C96-2E8F-1B2F78DDA1ED}.Release_x64|Win32.ActiveCfg = Release_x64|Win32
		{CE56E53E-E019-1C96-2E8F-1B2F78DDA1ED}.Release_x64|Win32.Build.0 = Release_x64|Win32
		{CE56E53E-E019-1C96-2E8F-1B2F78DDA1ED}.Debug_x64|Win32.ActiveCfg = Debug_x64|Win32
		{CE56E53E-E019-1C96-2E8F-1B2F78DDA1ED}.Debug_x64|Win32.Build.0 = Debug_x64|Win32
		{CE56E53E-E019-1C96-2E8F-1B2F78DDA1ED}.Debug|Win32.ActiveCfg = Debug|Win32
		{CE56E53E-E019-1C96-2E8F-1B2F78DDA1ED}.Debug|Win32.Build.0 = Debug|Win32
		{CE56E53E-E019-1C96-2E8F-1B2F78DDA1ED}.Release|Win32.ActiveCfg = Release|Win32
		{CE56E53E-E019-1C96-2E8F-1B2F78DDA1ED}.Release|Win32.Build.0 = Release|Win32
		{D4B2F43F-B965-0401-8AE2-0F246D286B7C}.Release_x64|Win32.ActiveCfg = Release_x64|Win32
		{D4B2F43F-B965-0401-8AE2-0F246D286B7C}.Release_x64|Win32.Build.0 = Release_x64|Win32
		{D4B2F43F-B965-0401-8AE2-0F246D286B7C}.Debug_x64|Win32.ActiveCfg = Debug_x64|Win32
		{D4B2F43F-B965-0401-8AE2-0F246D286B7C}.Debug_x64|Win32.Build.0 = Debug_x64|Win32
		{D4B2F43F-B965-0401-8AE2-0F246D286B7C}.Debug|Win32.ActiveCfg = Debug|Win32
		{D4B2F43F-B965-0401-8AE2-0F246D286B7C}.Debug|Win32.Build.0 = Debug|Win32
		{D4B2F43F-B965-0401-8AE2-0F246D286B7C}.Release|Win32.ActiveCfg = Release|Win32
		{D4B2F43F-B965-0401-8AE2-0F246D286B7C}.Release|Win32.Build.0 = Release|Win32
	EndGlobalSection
	GlobalSection(SolutionProperties) = preSolution
		HideSolutionNode = FALSE
	EndGlobalSection
EndGlobal
